
Microsoft Visual Studio Solution File, Format Version 12.00
# Visual Studio 14
VisualStudioVersion = 14.0.25420.1
MinimumVisualStudioVersion = 10.0.40219.1
Project("{8BC9CEB8-8B4A-11D0-8D11-00A0C91BC942}") = "1_OTP", "1_OTP\1_OTP.vcxproj", "{4DAE1A05-703E-4323-9E17-3C037CE563E9}"
EndProject
Project("{8BC9CEB8-8B4A-11D0-8D11-00A0C91BC942}") = "3_DES", "3_DES\3_DES.vcxproj", "{CA170ACD-CA70-4135-810D-B290DA62D271}"
EndProject
Project("{8BC9CEB8-8B4A-11D0-8D11-00A0C91BC942}") = "4_AES", "4_AES\4_AES.vcxproj", "{9C628E26-951D-4EA3-ABF7-C9DE22D905C3}"
EndProject
Project("{8BC9CEB8-8B4A-11D0-8D11-00A0C91BC942}") = "5_RC4", "5_RC4\5_RC4.vcxproj", "{AA3DA0AC-2D8D-4225-8BB8-36D4AE734544}"
EndProject
Project("{8BC9CEB8-8B4A-11D0-8D11-00A0C91BC942}") = "6_RSA", "6_RSA\6_RSA.vcxproj", "{89F4081D-A417-478C-9148-8D014CFCF2F2}"
EndProject
Project("{8BC9CEB8-8B4A-11D0-8D11-00A0C91BC942}") = "7_MD5", "7_MD5\7_MD5.vcxproj", "{86713998-2F24-4F19-A97B-E3AE28939EFF}"
EndProject
Project("{8BC9CEB8-8B4A-11D0-8D11-00A0C91BC942}") = "8_RHash", "8_RHash\8_RHash.vcxproj", "{7C19D479-3E17-4ED7-A71F-FE11BF0E3114}"
EndProject
Project("{8BC9CEB8-8B4A-11D0-8D11-00A0C91BC942}") = "9_Entropy", "9_Entropy\9_Entropy.vcxproj", "{61EDAA45-8370-4E59-AAB7-4D68D0C9E602}"
EndProject
Project("{8BC9CEB8-8B4A-11D0-8D11-00A0C91BC942}") = "11_MITM", "11_MITM\11_MITM.vcxproj", "{9A033116-0D33-4209-BF0C-B22511F50438}"
EndProject
Project("{8BC9CEB8-8B4A-11D0-8D11-00A0C91BC942}") = "2_ProcessMonitor", "2_ProcessMonitor\2_ProcessMonitor.vcxproj", "{EF32B142-61DF-4921-9245-1F78F14816FC}"
EndProject
Project("{8BC9CEB8-8B4A-11D0-8D11-00A0C91BC942}") = "10_Hashtable", "10_Hashtable\10_Hahtable.vcxproj", "{5806C0BB-02F0-4E08-89D3-73D111F14716}"
EndProject
Project("{8BC9CEB8-8B4A-11D0-8D11-00A0C91BC942}") = "12_client", "12_client\12_client.vcxproj", "{73734A09-0432-4877-A456-35E005C2B74E}"
EndProject
Project("{8BC9CEB8-8B4A-11D0-8D11-00A0C91BC942}") = "12_server", "12_server\12_server.vcxproj", "{36BDE31B-F18A-480A-BC2D-F64AB79A7AA0}"
EndProject
Project("{8BC9CEB8-8B4A-11D0-8D11-00A0C91BC942}") = "13_oftenUsedLib", "13_oftenUsedLib\13_oftenUsedLib.vcxproj", "{8787BAF2-786A-4EAD-BE05-CDA174C6E22E}"
EndProject
Project("{8BC9CEB8-8B4A-11D0-8D11-00A0C91BC942}") = "mitm2", "mitm2\mitm2.vcxproj", "{BD7AEB44-F33C-4DA1-91E3-8410AFF2F127}"
EndProject
Global
	GlobalSection(SolutionConfigurationPlatforms) = preSolution
		Debug|x64 = Debug|x64
		Debug|x86 = Debug|x86
		Release|x64 = Release|x64
		Release|x86 = Release|x86
	EndGlobalSection
	GlobalSection(ProjectConfigurationPlatforms) = postSolution
		{4DAE1A05-703E-4323-9E17-3C037CE563E9}.Debug|x64.ActiveCfg = Debug|x64
		{4DAE1A05-703E-4323-9E17-3C037CE563E9}.Debug|x64.Build.0 = Debug|x64
		{4DAE1A05-703E-4323-9E17-3C037CE563E9}.Debug|x86.ActiveCfg = Debug|Win32
		{4DAE1A05-703E-4323-9E17-3C037CE563E9}.Debug|x86.Build.0 = Debug|Win32
		{4DAE1A05-703E-4323-9E17-3C037CE563E9}.Debug|x86.Deploy.0 = Debug|Win32
		{4DAE1A05-703E-4323-9E17-3C037CE563E9}.Release|x64.ActiveCfg = Release|x64
		{4DAE1A05-703E-4323-9E17-3C037CE563E9}.Release|x64.Build.0 = Release|x64
		{4DAE1A05-703E-4323-9E17-3C037CE563E9}.Release|x86.ActiveCfg = Release|Win32
		{4DAE1A05-703E-4323-9E17-3C037CE563E9}.Release|x86.Build.0 = Release|Win32
		{CA170ACD-CA70-4135-810D-B290DA62D271}.Debug|x64.ActiveCfg = Debug|x64
		{CA170ACD-CA70-4135-810D-B290DA62D271}.Debug|x64.Build.0 = Debug|x64
		{CA170ACD-CA70-4135-810D-B290DA62D271}.Debug|x86.ActiveCfg = Debug|Win32
		{CA170ACD-CA70-4135-810D-B290DA62D271}.Debug|x86.Build.0 = Debug|Win32
		{CA170ACD-CA70-4135-810D-B290DA62D271}.Release|x64.ActiveCfg = Release|x64
		{CA170ACD-CA70-4135-810D-B290DA62D271}.Release|x64.Build.0 = Release|x64
		{CA170ACD-CA70-4135-810D-B290DA62D271}.Release|x86.ActiveCfg = Release|Win32
		{CA170ACD-CA70-4135-810D-B290DA62D271}.Release|x86.Build.0 = Release|Win32
		{9C628E26-951D-4EA3-ABF7-C9DE22D905C3}.Debug|x64.ActiveCfg = Debug|x64
		{9C628E26-951D-4EA3-ABF7-C9DE22D905C3}.Debug|x64.Build.0 = Debug|x64
		{9C628E26-951D-4EA3-ABF7-C9DE22D905C3}.Debug|x86.ActiveCfg = Debug|Win32
		{9C628E26-951D-4EA3-ABF7-C9DE22D905C3}.Debug|x86.Build.0 = Debug|Win32
		{9C628E26-951D-4EA3-ABF7-C9DE22D905C3}.Release|x64.ActiveCfg = Release|x64
		{9C628E26-951D-4EA3-ABF7-C9DE22D905C3}.Release|x64.Build.0 = Release|x64
		{9C628E26-951D-4EA3-ABF7-C9DE22D905C3}.Release|x86.ActiveCfg = Release|Win32
		{9C628E26-951D-4EA3-ABF7-C9DE22D905C3}.Release|x86.Build.0 = Release|Win32
		{AA3DA0AC-2D8D-4225-8BB8-36D4AE734544}.Debug|x64.ActiveCfg = Debug|x64
		{AA3DA0AC-2D8D-4225-8BB8-36D4AE734544}.Debug|x64.Build.0 = Debug|x64
		{AA3DA0AC-2D8D-4225-8BB8-36D4AE734544}.Debug|x86.ActiveCfg = Debug|Win32
		{AA3DA0AC-2D8D-4225-8BB8-36D4AE734544}.Debug|x86.Build.0 = Debug|Win32
		{AA3DA0AC-2D8D-4225-8BB8-36D4AE734544}.Release|x64.ActiveCfg = Release|x64
		{AA3DA0AC-2D8D-4225-8BB8-36D4AE734544}.Release|x64.Build.0 = Release|x64
		{AA3DA0AC-2D8D-4225-8BB8-36D4AE734544}.Release|x86.ActiveCfg = Release|Win32
		{AA3DA0AC-2D8D-4225-8BB8-36D4AE734544}.Release|x86.Build.0 = Release|Win32
		{89F4081D-A417-478C-9148-8D014CFCF2F2}.Debug|x64.ActiveCfg = Debug|x64
		{89F4081D-A417-478C-9148-8D014CFCF2F2}.Debug|x64.Build.0 = Debug|x64
		{89F4081D-A417-478C-9148-8D014CFCF2F2}.Debug|x86.ActiveCfg = Debug|Win32
		{89F4081D-A417-478C-9148-8D014CFCF2F2}.Debug|x86.Build.0 = Debug|Win32
		{89F4081D-A417-478C-9148-8D014CFCF2F2}.Release|x64.ActiveCfg = Release|x64
		{89F4081D-A417-478C-9148-8D014CFCF2F2}.Release|x64.Build.0 = Release|x64
		{89F4081D-A417-478C-9148-8D014CFCF2F2}.Release|x86.ActiveCfg = Release|Win32
		{89F4081D-A417-478C-9148-8D014CFCF2F2}.Release|x86.Build.0 = Release|Win32
		{86713998-2F24-4F19-A97B-E3AE28939EFF}.Debug|x64.ActiveCfg = Debug|x64
		{86713998-2F24-4F19-A97B-E3AE28939EFF}.Debug|x64.Build.0 = Debug|x64
		{86713998-2F24-4F19-A97B-E3AE28939EFF}.Debug|x86.ActiveCfg = Debug|Win32
		{86713998-2F24-4F19-A97B-E3AE28939EFF}.Debug|x86.Build.0 = Debug|Win32
		{86713998-2F24-4F19-A97B-E3AE28939EFF}.Release|x64.ActiveCfg = Release|x64
		{86713998-2F24-4F19-A97B-E3AE28939EFF}.Release|x64.Build.0 = Release|x64
		{86713998-2F24-4F19-A97B-E3AE28939EFF}.Release|x86.ActiveCfg = Release|Win32
		{86713998-2F24-4F19-A97B-E3AE28939EFF}.Release|x86.Build.0 = Release|Win32
		{7C19D479-3E17-4ED7-A71F-FE11BF0E3114}.Debug|x64.ActiveCfg = Debug|x64
		{7C19D479-3E17-4ED7-A71F-FE11BF0E3114}.Debug|x64.Build.0 = Debug|x64
		{7C19D479-3E17-4ED7-A71F-FE11BF0E3114}.Debug|x86.ActiveCfg = Debug|Win32
		{7C19D479-3E17-4ED7-A71F-FE11BF0E3114}.Debug|x86.Build.0 = Debug|Win32
		{7C19D479-3E17-4ED7-A71F-FE11BF0E3114}.Release|x64.ActiveCfg = Release|x64
		{7C19D479-3E17-4ED7-A71F-FE11BF0E3114}.Release|x64.Build.0 = Release|x64
		{7C19D479-3E17-4ED7-A71F-FE11BF0E3114}.Release|x86.ActiveCfg = Release|Win32
		{7C19D479-3E17-4ED7-A71F-FE11BF0E3114}.Release|x86.Build.0 = Release|Win32
		{61EDAA45-8370-4E59-AAB7-4D68D0C9E602}.Debug|x64.ActiveCfg = Debug|x64
		{61EDAA45-8370-4E59-AAB7-4D68D0C9E602}.Debug|x64.Build.0 = Debug|x64
		{61EDAA45-8370-4E59-AAB7-4D68D0C9E602}.Debug|x86.ActiveCfg = Debug|Win32
		{61EDAA45-8370-4E59-AAB7-4D68D0C9E602}.Debug|x86.Build.0 = Debug|Win32
		{61EDAA45-8370-4E59-AAB7-4D68D0C9E602}.Release|x64.ActiveCfg = Release|x64
		{61EDAA45-8370-4E59-AAB7-4D68D0C9E602}.Release|x64.Build.0 = Release|x64
		{61EDAA45-8370-4E59-AAB7-4D68D0C9E602}.Release|x86.ActiveCfg = Release|Win32
		{61EDAA45-8370-4E59-AAB7-4D68D0C9E602}.Release|x86.Build.0 = Release|Win32
		{9A033116-0D33-4209-BF0C-B22511F50438}.Debug|x64.ActiveCfg = Debug|x64
		{9A033116-0D33-4209-BF0C-B22511F50438}.Debug|x64.Build.0 = Debug|x64
		{9A033116-0D33-4209-BF0C-B22511F50438}.Debug|x86.ActiveCfg = Debug|Win32
		{9A033116-0D33-4209-BF0C-B22511F50438}.Debug|x86.Build.0 = Debug|Win32
		{9A033116-0D33-4209-BF0C-B22511F50438}.Release|x64.ActiveCfg = Release|x64
		{9A033116-0D33-4209-BF0C-B22511F50438}.Release|x64.Build.0 = Release|x64
		{9A033116-0D33-4209-BF0C-B22511F50438}.Release|x86.ActiveCfg = Release|Win32
		{9A033116-0D33-4209-BF0C-B22511F50438}.Release|x86.Build.0 = Release|Win32
		{EF32B142-61DF-4921-9245-1F78F14816FC}.Debug|x64.ActiveCfg = Debug|x64
		{EF32B142-61DF-4921-9245-1F78F14816FC}.Debug|x64.Build.0 = Debug|x64
		{EF32B142-61DF-4921-9245-1F78F14816FC}.Debug|x86.ActiveCfg = Debug|Win32
		{EF32B142-61DF-4921-9245-1F78F14816FC}.Debug|x86.Build.0 = Debug|Win32
		{EF32B142-61DF-4921-9245-1F78F14816FC}.Release|x64.ActiveCfg = Release|x64
		{EF32B142-61DF-4921-9245-1F78F14816FC}.Release|x64.Build.0 = Release|x64
		{EF32B142-61DF-4921-9245-1F78F14816FC}.Release|x86.ActiveCfg = Release|Win32
		{EF32B142-61DF-4921-9245-1F78F14816FC}.Release|x86.Build.0 = Release|Win32
		{5806C0BB-02F0-4E08-89D3-73D111F14716}.Debug|x64.ActiveCfg = Debug|x64
		{5806C0BB-02F0-4E08-89D3-73D111F14716}.Debug|x64.Build.0 = Debug|x64
		{5806C0BB-02F0-4E08-89D3-73D111F14716}.Debug|x86.ActiveCfg = Debug|Win32
		{5806C0BB-02F0-4E08-89D3-73D111F14716}.Debug|x86.Build.0 = Debug|Win32
		{5806C0BB-02F0-4E08-89D3-73D111F14716}.Release|x64.ActiveCfg = Release|x64
		{5806C0BB-02F0-4E08-89D3-73D111F14716}.Release|x64.Build.0 = Release|x64
		{5806C0BB-02F0-4E08-89D3-73D111F14716}.Release|x86.ActiveCfg = Release|Win32
		{5806C0BB-02F0-4E08-89D3-73D111F14716}.Release|x86.Build.0 = Release|Win32
		{73734A09-0432-4877-A456-35E005C2B74E}.Debug|x64.ActiveCfg = Debug|x64
		{73734A09-0432-4877-A456-35E005C2B74E}.Debug|x64.Build.0 = Debug|x64
		{73734A09-0432-4877-A456-35E005C2B74E}.Debug|x86.ActiveCfg = Debug|Win32
		{73734A09-0432-4877-A456-35E005C2B74E}.Debug|x86.Build.0 = Debug|Win32
		{73734A09-0432-4877-A456-35E005C2B74E}.Release|x64.ActiveCfg = Release|x64
		{73734A09-0432-4877-A456-35E005C2B74E}.Release|x64.Build.0 = Release|x64
		{73734A09-0432-4877-A456-35E005C2B74E}.Release|x86.ActiveCfg = Release|Win32
		{73734A09-0432-4877-A456-35E005C2B74E}.Release|x86.Build.0 = Release|Win32
		{36BDE31B-F18A-480A-BC2D-F64AB79A7AA0}.Debug|x64.ActiveCfg = Debug|x64
		{36BDE31B-F18A-480A-BC2D-F64AB79A7AA0}.Debug|x64.Build.0 = Debug|x64
		{36BDE31B-F18A-480A-BC2D-F64AB79A7AA0}.Debug|x86.ActiveCfg = Debug|Win32
		{36BDE31B-F18A-480A-BC2D-F64AB79A7AA0}.Debug|x86.Build.0 = Debug|Win32
		{36BDE31B-F18A-480A-BC2D-F64AB79A7AA0}.Release|x64.ActiveCfg = Release|x64
		{36BDE31B-F18A-480A-BC2D-F64AB79A7AA0}.Release|x64.Build.0 = Release|x64
		{36BDE31B-F18A-480A-BC2D-F64AB79A7AA0}.Release|x86.ActiveCfg = Release|Win32
		{36BDE31B-F18A-480A-BC2D-F64AB79A7AA0}.Release|x86.Build.0 = Release|Win32
		{8787BAF2-786A-4EAD-BE05-CDA174C6E22E}.Debug|x64.ActiveCfg = Debug|x64
		{8787BAF2-786A-4EAD-BE05-CDA174C6E22E}.Debug|x64.Build.0 = Debug|x64
		{8787BAF2-786A-4EAD-BE05-CDA174C6E22E}.Debug|x86.ActiveCfg = Debug|Win32
		{8787BAF2-786A-4EAD-BE05-CDA174C6E22E}.Debug|x86.Build.0 = Debug|Win32
		{8787BAF2-786A-4EAD-BE05-CDA174C6E22E}.Release|x64.ActiveCfg = Release|x64
		{8787BAF2-786A-4EAD-BE05-CDA174C6E22E}.Release|x64.Build.0 = Release|x64
		{8787BAF2-786A-4EAD-BE05-CDA174C6E22E}.Release|x86.ActiveCfg = Release|Win32
		{8787BAF2-786A-4EAD-BE05-CDA174C6E22E}.Release|x86.Build.0 = Release|Win32
		{BD7AEB44-F33C-4DA1-91E3-8410AFF2F127}.Debug|x64.ActiveCfg = Debug|x64
		{BD7AEB44-F33C-4DA1-91E3-8410AFF2F127}.Debug|x64.Build.0 = Debug|x64
		{BD7AEB44-F33C-4DA1-91E3-8410AFF2F127}.Debug|x86.ActiveCfg = Debug|Win32
		{BD7AEB44-F33C-4DA1-91E3-8410AFF2F127}.Debug|x86.Build.0 = Debug|Win32
		{BD7AEB44-F33C-4DA1-91E3-8410AFF2F127}.Release|x64.ActiveCfg = Release|x64
		{BD7AEB44-F33C-4DA1-91E3-8410AFF2F127}.Release|x64.Build.0 = Release|x64
		{BD7AEB44-F33C-4DA1-91E3-8410AFF2F127}.Release|x86.ActiveCfg = Release|Win32
		{BD7AEB44-F33C-4DA1-91E3-8410AFF2F127}.Release|x86.Build.0 = Release|Win32
	EndGlobalSection
	GlobalSection(SolutionProperties) = preSolution
		HideSolutionNode = FALSE
	EndGlobalSection
EndGlobal
